
Microsoft Visual Studio Solution File, Format Version 12.00
# Visual Studio Version 17
VisualStudioVersion = 17.5.002.0
MinimumVisualStudioVersion = 10.0.40219.1
Project("{9A19103F-16F7-4668-BE54-9A1E7A4F7556}") = "LinkShortenerApi", "LinkShortenerApi.csproj", "{AAB80CFE-7FE5-42AB-8507-834F812F43D9}"
EndProject
Global
	GlobalSection(SolutionConfigurationPlatforms) = preSolution
		Debug|Any CPU = Debug|Any CPU
		Release|Any CPU = Release|Any CPU
	EndGlobalSection
	GlobalSection(ProjectConfigurationPlatforms) = postSolution
		{AAB80CFE-7FE5-42AB-8507-834F812F43D9}.Debug|Any CPU.ActiveCfg = Debug|Any CPU
		{AAB80CFE-7FE5-42AB-8507-834F812F43D9}.Debug|Any CPU.Build.0 = Debug|Any CPU
		{AAB80CFE-7FE5-42AB-8507-834F812F43D9}.Release|Any CPU.ActiveCfg = Release|Any CPU
		{AAB80CFE-7FE5-42AB-8507-834F812F43D9}.Release|Any CPU.Build.0 = Release|Any CPU
	EndGlobalSection
	GlobalSection(SolutionProperties) = preSolution
		HideSolutionNode = FALSE
	EndGlobalSection
	GlobalSection(ExtensibilityGlobals) = postSolution
		SolutionGuid = {72C74F1E-BEEE-4231-9E3D-4DC63A6D1A45}
	EndGlobalSection
EndGlobal
